
Microsoft Visual Studio Solution File, Format Version 12.00
# Visual Studio Version 17
VisualStudioVersion = 17.8.34330.188
MinimumVisualStudioVersion = 10.0.40219.1
Project("{9A19103F-16F7-4668-BE54-9A1E7A4F7556}") = "KorgiBot", "KorgiBot\KorgiBot.csproj", "{40FAD9E0-9968-483D-B984-7551A8A2DA96}"
EndProject
Global
	GlobalSection(SolutionConfigurationPlatforms) = preSolution
		Debug|Any CPU = Debug|Any CPU
		Release|Any CPU = Release|Any CPU
	EndGlobalSection
	GlobalSection(ProjectConfigurationPlatforms) = postSolution
		{40FAD9E0-9968-483D-B984-7551A8A2DA96}.Debug|Any CPU.ActiveCfg = Debug|Any CPU
		{40FAD9E0-9968-483D-B984-7551A8A2DA96}.Debug|Any CPU.Build.0 = Debug|Any CPU
		{40FAD9E0-9968-483D-B984-7551A8A2DA96}.Release|Any CPU.ActiveCfg = Release|Any CPU
		{40FAD9E0-9968-483D-B984-7551A8A2DA96}.Release|Any CPU.Build.0 = Release|Any CPU
	EndGlobalSection
	GlobalSection(SolutionProperties) = preSolution
		HideSolutionNode = FALSE
	EndGlobalSection
	GlobalSection(ExtensibilityGlobals) = postSolution
		SolutionGuid = {611E9AE5-3617-4C8A-8F7C-086DD9C60BBF}
	EndGlobalSection
EndGlobal
